# THIS IS AN AUTOGENERATED FILE. DO NOT EDIT THIS FILE DIRECTLY.
# yarn lockfile v1


"@babel/runtime-corejs2@^7.2.0":
  version "7.4.4"
  resolved "https://registry.yarnpkg.com/@babel/runtime-corejs2/-/runtime-corejs2-7.4.4.tgz#4d4519a4c85e9d98fdff59f5371758a34ae07923"
  integrity sha512-hE7oVwVsRws84u5/nkaWWdN2J4SXEGuXKjrAsP0E4nkYImjSbpdHfGTS2nvFc82aDGIuG6OzhAQMpIzTHuZeKA==
  dependencies:
    core-js "^2.6.5"
    regenerator-runtime "^0.13.2"

"@phenomnomnominal/tsquery@^3.0.0":
  version "3.0.0"
  resolved "https://registry.yarnpkg.com/@phenomnomnominal/tsquery/-/tsquery-3.0.0.tgz#6f2f4dbf6304ff52b12cc7a5b979f20c3794a22a"
  integrity sha512-SW8lKitBHWJ9fAYkJ9kJivuctwNYCh3BUxLdH0+XiR1GPBiu+7qiZzh8p8jqlj1LgVC1TbvfNFroaEsmYlL8Iw==
  dependencies:
    esquery "^1.0.1"

"@sourcegraph/prettierrc@^3.0.3":
  version "3.0.3"
  resolved "https://registry.yarnpkg.com/@sourcegraph/prettierrc/-/prettierrc-3.0.3.tgz#51bfa9b2588fe35121593fa877143e6373028289"
  integrity sha512-FQ1/Ued4I02R0JkrHHofDN163juVxUnPALzfxPZrDZUHv+c3jHjfZhmTHEz+Wd+g3b7MFk0fkj36nZSnvPyU8A==

core-js@^2.6.5:
  version "2.6.5"
  resolved "https://registry.yarnpkg.com/core-js/-/core-js-2.6.5.tgz#44bc8d249e7fb2ff5d00e0341a7ffb94fbf67895"
  integrity sha512-klh/kDpwX8hryYL14M9w/xei6vrv6sE8gTHDG7/T/+SEovB/G4ejwcfE/CBzO6Edsu+OETZMZ3wcX/EjUkrl5A==

decamelize@^3.0.0:
  version "3.2.0"
  resolved "https://registry.yarnpkg.com/decamelize/-/decamelize-3.2.0.tgz#84b8e8f4f8c579f938e35e2cc7024907e0090851"
  integrity sha512-4TgkVUsmmu7oCSyGBm5FvfMoACuoh9EOidm7V5/J2X2djAwwt57qb3F2KMP2ITqODTCSwb+YRV+0Zqrv18k/hw==
  dependencies:
    xregexp "^4.2.4"

esquery@^1.0.1:
  version "1.0.1"
  resolved "https://registry.yarnpkg.com/esquery/-/esquery-1.0.1.tgz#406c51658b1f5991a5f9b62b1dc25b00e3e5c708"
  integrity sha512-SmiyZ5zIWH9VM+SRUReLS5Q8a7GxtRdxEBVZpm98rJM7Sb+A9DVCndXfkeFUd3byderg+EbDkfnevfCwynWaNA==
  dependencies:
    estraverse "^4.0.0"

estraverse@^4.0.0:
  version "4.2.0"
  resolved "https://registry.yarnpkg.com/estraverse/-/estraverse-4.2.0.tgz#0dee3fed31fcd469618ce7342099fc1afa0bdb13"
  integrity sha1-De4/7TH81GlhjOc0IJn8GvoL2xM=

path-parse@^1.0.6:
  version "1.0.6"
  resolved "https://registry.yarnpkg.com/path-parse/-/path-parse-1.0.6.tgz#d62dbb5679405d72c4737ec58600e9ddcf06d24c"
  integrity sha512-GSmOT2EbHrINBf9SR7CDELwlJ8AENk3Qn7OikK4nFYAu3Ote2+JYNVvkpAEQm3/TLNEJFD/xZJjzyxg3KBWOzw==

prettier@1.19.1:
  version "1.19.1"
  resolved "https://registry.yarnpkg.com/prettier/-/prettier-1.19.1.tgz#f7d7f5ff8a9cd872a7be4ca142095956a60797cb"
  integrity sha512-s7PoyDv/II1ObgQunCbB9PdLmUcBZcnWOcxDh7O0N/UwDEsHyqkW+Qh28jW+mVuCdx7gLB0BotYI1Y6uI9iyew==

regenerator-runtime@^0.13.2:
  version "0.13.2"
  resolved "https://registry.yarnpkg.com/regenerator-runtime/-/regenerator-runtime-0.13.2.tgz#32e59c9a6fb9b1a4aff09b4930ca2d4477343447"
  integrity sha512-S/TQAZJO+D3m9xeN1WTI8dLKBBiRgXBlTJvbWjCThHWZj9EvHK70Ff50/tYj2J/fvBY6JtFVwRuazHN2E7M9BA==

resolve@^1.4.0:
  version "1.10.1"
  resolved "https://registry.yarnpkg.com/resolve/-/resolve-1.10.1.tgz#664842ac960795bbe758221cdccda61fb64b5f18"
  integrity sha512-KuIe4mf++td/eFb6wkaPbMDnP6kObCaEtIDuHOUED6MNUo4K670KZUHuuvYPZDxNF0WVLw49n06M2m2dXphEzA==
  dependencies:
    path-parse "^1.0.6"

rxjs-tslint-rules@^4.23.0:
  version "4.23.1"
  resolved "https://registry.yarnpkg.com/rxjs-tslint-rules/-/rxjs-tslint-rules-4.23.1.tgz#3cc17714a8702ea82c72ee0f2da1035a333355e6"
  integrity sha512-THyk7uh9IuI/uK+rPNMOFDtmw9mE0CxzKCpZAp/63uKlFvcII1/GQO2qrpaegjEJZTu7vIYFsOoPIV50j9L1eA==
  dependencies:
    "@phenomnomnominal/tsquery" "^3.0.0"
    decamelize "^3.0.0"
    resolve "^1.4.0"
    semver "^6.0.0"
    tslib "^1.8.0"
    tsutils "^3.0.0"
    tsutils-etc "^1.1.0"

semver@^6.0.0:
  version "6.0.0"
  resolved "https://registry.yarnpkg.com/semver/-/semver-6.0.0.tgz#05e359ee571e5ad7ed641a6eec1e547ba52dea65"
  integrity sha512-0UewU+9rFapKFnlbirLi3byoOuhrSsli/z/ihNnvM24vgF+8sNBiI1LZPBSH9wJKUwaUbw+s3hToDLCXkrghrQ==

tslib@^1.8.0, tslib@^1.8.1:
  version "1.9.3"
  resolved "https://registry.yarnpkg.com/tslib/-/tslib-1.9.3.tgz#d7e4dd79245d85428c4d7e4822a79917954ca286"
  integrity sha512-4krF8scpejhaOgqzBEcGM7yDIEfi0/8+8zDRZhNZZ2kjmHJ4hv3zCbQWxoJGz1iw5U0Jl0nma13xzHXcncMavQ==

tslint-config-prettier@^1.18.0:
  version "1.18.0"
  resolved "https://registry.yarnpkg.com/tslint-config-prettier/-/tslint-config-prettier-1.18.0.tgz#75f140bde947d35d8f0d238e0ebf809d64592c37"
  integrity sha512-xPw9PgNPLG3iKRxmK7DWr+Ea/SzrvfHtjFt5LBl61gk2UBG/DB9kCXRjv+xyIU1rUtnayLeMUVJBcMX8Z17nDg==

tslint-react-hooks@^2.1.0:
  version "2.1.0"
  resolved "https://registry.yarnpkg.com/tslint-react-hooks/-/tslint-react-hooks-2.1.0.tgz#cc9841da0cef20d3527c8d16412f029c33767898"
  integrity sha512-ccjyguEHGEU5rXikLDaQ6kT1AVo3C0HV8gi2MIJc7SbYAXjbzJkpbs4IXulgfqdEY1T6RnNSuGhyXg+2jTm5Bg==

tslint-react@^4.0.0:
  version "4.0.0"
  resolved "https://registry.yarnpkg.com/tslint-react/-/tslint-react-4.0.0.tgz#b4bb4c01c32448cb14d23f143a2f5e4989bb961e"
  integrity sha512-9fNE0fm9zNDx1+b6hgy8rgDN2WsQLRiIrn3+fbqm0tazBVF6jiaCFAITxmU+WSFWYE03Xhp1joCircXOe1WVAQ==
  dependencies:
    tsutils "^3.9.1"

tsutils-etc@^1.1.0:
  version "1.1.0"
  resolved "https://registry.yarnpkg.com/tsutils-etc/-/tsutils-etc-1.1.0.tgz#82ce1c92da29e07d3cde95692d5c5e8dbdc92fd0"
  integrity sha512-pJlLtLmQPUyGHqY/Pq6EGnpGmQCnnTDZetQ7eWkeQ5xaw4GtfcR1Zt7HMKFHGDDp53HzQfbqQ+7ps6iJbfa9Hw==

tsutils@^3.0.0, tsutils@^3.9.1:
  version "3.10.0"
  resolved "https://registry.yarnpkg.com/tsutils/-/tsutils-3.10.0.tgz#6f1c95c94606e098592b0dff06590cf9659227d6"
  integrity sha512-q20XSMq7jutbGB8luhKKsQldRKWvyBO2BGqni3p4yq8Ys9bEP/xQw3KepKmMRt9gJ4lvQSScrihJrcKdKoSU7Q==
  dependencies:
    tslib "^1.8.1"

xregexp@^4.2.4:
  version "4.2.4"
  resolved "https://registry.yarnpkg.com/xregexp/-/xregexp-4.2.4.tgz#02a4aea056d65a42632c02f0233eab8e4d7e57ed"
  integrity sha512-sO0bYdYeJAJBcJA8g7MJJX7UrOZIfJPd8U2SC7B2Dd/J24U0aQNoGp33shCaBSWeb0rD5rh6VBUIXOkGal1TZA==
  dependencies:
    "@babel/runtime-corejs2" "^7.2.0"
