# THIS IS AN AUTOGENERATED FILE. DO NOT EDIT THIS FILE DIRECTLY.
# yarn lockfile v1


"@phenomnomnominal/tsquery@^3.0.0":
  version "3.0.0"
  resolved "https://registry.npmjs.org/@phenomnomnominal/tsquery/-/tsquery-3.0.0.tgz#6f2f4dbf6304ff52b12cc7a5b979f20c3794a22a"
  integrity sha512-SW8lKitBHWJ9fAYkJ9kJivuctwNYCh3BUxLdH0+XiR1GPBiu+7qiZzh8p8jqlj1LgVC1TbvfNFroaEsmYlL8Iw==
  dependencies:
    esquery "^1.0.1"

"@sourcegraph/prettierrc@^2.2.0":
  version "2.2.0"
  resolved "https://registry.yarnpkg.com/@sourcegraph/prettierrc/-/prettierrc-2.2.0.tgz#af4a6fcd465b0a39a07ffbd8f2d3414d01e603e8"
  integrity sha512-kRdHxdAppxYnN7qAQjNTyuG05pjYHFtEUquZauXVXBeaGB4sye3uSkb8wgi34jeaUHG/gWp2f5hQgCCBMizjjA==

decamelize@^2.0.0:
  version "2.0.0"
  resolved "https://registry.npmjs.org/decamelize/-/decamelize-2.0.0.tgz#656d7bbc8094c4c788ea53c5840908c9c7d063c7"
  integrity sha512-Ikpp5scV3MSYxY39ymh45ZLEecsTdv/Xj2CaQfI8RLMuwi7XvjX9H/fhraiSuU+C5w5NTDu4ZU72xNiZnurBPg==
  dependencies:
    xregexp "4.0.0"

esquery@^1.0.1:
  version "1.0.1"
  resolved "https://registry.npmjs.org/esquery/-/esquery-1.0.1.tgz#406c51658b1f5991a5f9b62b1dc25b00e3e5c708"
  integrity sha512-SmiyZ5zIWH9VM+SRUReLS5Q8a7GxtRdxEBVZpm98rJM7Sb+A9DVCndXfkeFUd3byderg+EbDkfnevfCwynWaNA==
  dependencies:
    estraverse "^4.0.0"

estraverse@^4.0.0:
  version "4.2.0"
  resolved "https://registry.npmjs.org/estraverse/-/estraverse-4.2.0.tgz#0dee3fed31fcd469618ce7342099fc1afa0bdb13"
  integrity sha1-De4/7TH81GlhjOc0IJn8GvoL2xM=

path-parse@^1.0.5:
  version "1.0.6"
  resolved "https://registry.npmjs.org/path-parse/-/path-parse-1.0.6.tgz#d62dbb5679405d72c4737ec58600e9ddcf06d24c"
  integrity sha512-GSmOT2EbHrINBf9SR7CDELwlJ8AENk3Qn7OikK4nFYAu3Ote2+JYNVvkpAEQm3/TLNEJFD/xZJjzyxg3KBWOzw==

prettier@1.16.4:
  version "1.16.4"
  resolved "https://registry.yarnpkg.com/prettier/-/prettier-1.16.4.tgz#73e37e73e018ad2db9c76742e2647e21790c9717"
  integrity sha512-ZzWuos7TI5CKUeQAtFd6Zhm2s6EpAD/ZLApIhsF9pRvRtM1RFo61dM/4MSRUA0SuLugA/zgrZD8m0BaY46Og7g==

resolve@^1.4.0:
  version "1.8.1"
  resolved "https://registry.npmjs.org/resolve/-/resolve-1.8.1.tgz#82f1ec19a423ac1fbd080b0bab06ba36e84a7a26"
  integrity sha512-AicPrAC7Qu1JxPCZ9ZgCZlY35QgFnNqc+0LtbRNxnVw4TXvjQ72wnuL9JQcEBgXkI9JM8MsT9kaQoHcpCRJOYA==
  dependencies:
    path-parse "^1.0.5"

rxjs-tslint-rules@^4.12.0:
  version "4.14.0"
  resolved "https://registry.npmjs.org/rxjs-tslint-rules/-/rxjs-tslint-rules-4.14.0.tgz#cb09b0d4d8b9332a67b0b63cf3ec65e0b5c8982b"
  integrity sha512-kZUkmA+mVoXWMuw5Jt81JLn01QMZ3lUQ3UcDl5vXZ5i9yh+dnjtZk5gG4yjtZfFASTifNkIUiq/0RtmNRayiyg==
  dependencies:
    "@phenomnomnominal/tsquery" "^3.0.0"
    decamelize "^2.0.0"
    resolve "^1.4.0"
    tslib "^1.8.0"
    tsutils "^3.0.0"

tslib@^1.8.0, tslib@^1.8.1:
  version "1.9.3"
  resolved "https://registry.npmjs.org/tslib/-/tslib-1.9.3.tgz#d7e4dd79245d85428c4d7e4822a79917954ca286"
  integrity sha512-4krF8scpejhaOgqzBEcGM7yDIEfi0/8+8zDRZhNZZ2kjmHJ4hv3zCbQWxoJGz1iw5U0Jl0nma13xzHXcncMavQ==

tslint-config-prettier@^1.6.0:
  version "1.17.0"
  resolved "https://registry.npmjs.org/tslint-config-prettier/-/tslint-config-prettier-1.17.0.tgz#946ed6117f98f3659a65848279156d87628c33dc"
  integrity sha512-NKWNkThwqE4Snn4Cm6SZB7lV5RMDDFsBwz6fWUkTxOKGjMx8ycOHnjIbhn7dZd5XmssW3CwqUjlANR6EhP9YQw==

tslint-react@^4.0.0:
  version "4.0.0"
  resolved "https://registry.yarnpkg.com/tslint-react/-/tslint-react-4.0.0.tgz#b4bb4c01c32448cb14d23f143a2f5e4989bb961e"
  integrity sha512-9fNE0fm9zNDx1+b6hgy8rgDN2WsQLRiIrn3+fbqm0tazBVF6jiaCFAITxmU+WSFWYE03Xhp1joCircXOe1WVAQ==
  dependencies:
    tsutils "^3.9.1"

tsutils@^3.0.0, tsutils@^3.9.1:
  version "3.9.1"
  resolved "https://registry.yarnpkg.com/tsutils/-/tsutils-3.9.1.tgz#2a40dc742943c71eca6d5c1994fcf999956be387"
  integrity sha512-hrxVtLtPqQr//p8/msPT1X1UYXUjizqSit5d9AQ5k38TcV38NyecL5xODNxa73cLe/5sdiJ+w1FqzDhRBA/anA==
  dependencies:
    tslib "^1.8.1"

xregexp@4.0.0:
  version "4.0.0"
  resolved "https://registry.npmjs.org/xregexp/-/xregexp-4.0.0.tgz#e698189de49dd2a18cc5687b05e17c8e43943020"
  integrity sha512-PHyM+sQouu7xspQQwELlGwwd05mXUFqwFYfqPO0cC7x4fxyHnnuetmQr6CjJiafIDoH4MogHb9dOoJzR/Y4rFg==
