# THIS IS AN AUTOGENERATED FILE. DO NOT EDIT THIS FILE DIRECTLY.
# yarn lockfile v1


"@babel/runtime-corejs2@^7.2.0":
  version "7.4.2"
  resolved "https://registry.npmjs.org/@babel/runtime-corejs2/-/runtime-corejs2-7.4.2.tgz#a0cec2c41717fa415e9c204f32b603d88b1796c2"
  integrity sha512-y/Br/9uQnumcqcakkmobFqOTzYCWSS6Kuy1b2o7LTXR4lpeU0AhaOcPqIHW85LCxRWUDW5Vg0pU1KlE3YkORlg==
  dependencies:
    core-js "^2.6.5"
    regenerator-runtime "^0.13.2"

"@phenomnomnominal/tsquery@^3.0.0":
  version "3.0.0"
  resolved "https://registry.npmjs.org/@phenomnomnominal/tsquery/-/tsquery-3.0.0.tgz#6f2f4dbf6304ff52b12cc7a5b979f20c3794a22a"
  integrity sha512-SW8lKitBHWJ9fAYkJ9kJivuctwNYCh3BUxLdH0+XiR1GPBiu+7qiZzh8p8jqlj1LgVC1TbvfNFroaEsmYlL8Iw==
  dependencies:
    esquery "^1.0.1"

"@sourcegraph/prettierrc@^3.0.1":
  version "3.0.1"
  resolved "https://registry.yarnpkg.com/@sourcegraph/prettierrc/-/prettierrc-3.0.1.tgz#e1db0046dca3c5e770d0f2ac68bbd794fee37138"
  integrity sha512-Xyfsk2zLbtJXjgzPC5Q91AdoZ9YECB7Z5pyUCoYb36zqClBRkN2F/VoT+04pLqBf9xsr9uKfJoaf/WGGngLlVg==

core-js@^2.6.5:
  version "2.6.5"
  resolved "https://registry.npmjs.org/core-js/-/core-js-2.6.5.tgz#44bc8d249e7fb2ff5d00e0341a7ffb94fbf67895"
  integrity sha512-klh/kDpwX8hryYL14M9w/xei6vrv6sE8gTHDG7/T/+SEovB/G4ejwcfE/CBzO6Edsu+OETZMZ3wcX/EjUkrl5A==

decamelize@^3.0.0:
  version "3.1.1"
  resolved "https://registry.npmjs.org/decamelize/-/decamelize-3.1.1.tgz#ebf473c6f8607bd70fd9ed6d892da27c5eb8539e"
  integrity sha512-pSJTQCBDZxv8siK5p/M42ZdhThhTtx3JU/OKli0yQSKebfM9q92op6zF7krYrWVKRtsE/RwTDiZLliMV3ECkXQ==
  dependencies:
    xregexp "^4.2.4"

esquery@^1.0.1:
  version "1.0.1"
  resolved "https://registry.npmjs.org/esquery/-/esquery-1.0.1.tgz#406c51658b1f5991a5f9b62b1dc25b00e3e5c708"
  integrity sha512-SmiyZ5zIWH9VM+SRUReLS5Q8a7GxtRdxEBVZpm98rJM7Sb+A9DVCndXfkeFUd3byderg+EbDkfnevfCwynWaNA==
  dependencies:
    estraverse "^4.0.0"

estraverse@^4.0.0:
  version "4.2.0"
  resolved "https://registry.npmjs.org/estraverse/-/estraverse-4.2.0.tgz#0dee3fed31fcd469618ce7342099fc1afa0bdb13"
  integrity sha1-De4/7TH81GlhjOc0IJn8GvoL2xM=

path-parse@^1.0.5:
  version "1.0.6"
  resolved "https://registry.npmjs.org/path-parse/-/path-parse-1.0.6.tgz#d62dbb5679405d72c4737ec58600e9ddcf06d24c"
  integrity sha512-GSmOT2EbHrINBf9SR7CDELwlJ8AENk3Qn7OikK4nFYAu3Ote2+JYNVvkpAEQm3/TLNEJFD/xZJjzyxg3KBWOzw==

prettier@1.17.1:
  version "1.17.1"
  resolved "https://registry.yarnpkg.com/prettier/-/prettier-1.17.1.tgz#ed64b4e93e370cb8a25b9ef7fef3e4fd1c0995db"
  integrity sha512-TzGRNvuUSmPgwivDqkZ9tM/qTGW9hqDKWOE9YHiyQdixlKbv7kvEqsmDPrcHJTKwthU774TQwZXVtaQ/mMsvjg==

regenerator-runtime@^0.13.2:
  version "0.13.2"
  resolved "https://registry.npmjs.org/regenerator-runtime/-/regenerator-runtime-0.13.2.tgz#32e59c9a6fb9b1a4aff09b4930ca2d4477343447"
  integrity sha512-S/TQAZJO+D3m9xeN1WTI8dLKBBiRgXBlTJvbWjCThHWZj9EvHK70Ff50/tYj2J/fvBY6JtFVwRuazHN2E7M9BA==

resolve@^1.4.0:
  version "1.8.1"
  resolved "https://registry.npmjs.org/resolve/-/resolve-1.8.1.tgz#82f1ec19a423ac1fbd080b0bab06ba36e84a7a26"
  integrity sha512-AicPrAC7Qu1JxPCZ9ZgCZlY35QgFnNqc+0LtbRNxnVw4TXvjQ72wnuL9JQcEBgXkI9JM8MsT9kaQoHcpCRJOYA==
  dependencies:
    path-parse "^1.0.5"

rxjs-tslint-rules@^4.23.0:
  version "4.23.0"
  resolved "https://registry.npmjs.org/rxjs-tslint-rules/-/rxjs-tslint-rules-4.23.0.tgz#e1aee3c1cd1e08ec013fe43f7008c60ce936c29f"
  integrity sha512-8lUa9tszIT3cZjGWMGh3lYMheQJO5RxuxCn7c3rhX7IiOGAq7BX6Fu2mP/0aUC9KzmxxP47FMDULFlZnrR4Oiw==
  dependencies:
    "@phenomnomnominal/tsquery" "^3.0.0"
    decamelize "^3.0.0"
    resolve "^1.4.0"
    semver "^6.0.0"
    tslib "^1.8.0"
    tsutils "^3.0.0"
    tsutils-etc "^1.1.0"

semver@^6.0.0:
  version "6.0.0"
  resolved "https://registry.npmjs.org/semver/-/semver-6.0.0.tgz#05e359ee571e5ad7ed641a6eec1e547ba52dea65"
  integrity sha512-0UewU+9rFapKFnlbirLi3byoOuhrSsli/z/ihNnvM24vgF+8sNBiI1LZPBSH9wJKUwaUbw+s3hToDLCXkrghrQ==

tslib@^1.8.0, tslib@^1.8.1:
  version "1.9.3"
  resolved "https://registry.npmjs.org/tslib/-/tslib-1.9.3.tgz#d7e4dd79245d85428c4d7e4822a79917954ca286"
  integrity sha512-4krF8scpejhaOgqzBEcGM7yDIEfi0/8+8zDRZhNZZ2kjmHJ4hv3zCbQWxoJGz1iw5U0Jl0nma13xzHXcncMavQ==

tslint-config-prettier@^1.18.0:
  version "1.18.0"
  resolved "https://registry.npmjs.org/tslint-config-prettier/-/tslint-config-prettier-1.18.0.tgz#75f140bde947d35d8f0d238e0ebf809d64592c37"
  integrity sha512-xPw9PgNPLG3iKRxmK7DWr+Ea/SzrvfHtjFt5LBl61gk2UBG/DB9kCXRjv+xyIU1rUtnayLeMUVJBcMX8Z17nDg==

tslint-react-hooks@^2.1.0:
  version "2.1.0"
  resolved "https://registry.yarnpkg.com/tslint-react-hooks/-/tslint-react-hooks-2.1.0.tgz#cc9841da0cef20d3527c8d16412f029c33767898"
  integrity sha512-ccjyguEHGEU5rXikLDaQ6kT1AVo3C0HV8gi2MIJc7SbYAXjbzJkpbs4IXulgfqdEY1T6RnNSuGhyXg+2jTm5Bg==

tslint-react@^4.0.0:
  version "4.0.0"
  resolved "https://registry.yarnpkg.com/tslint-react/-/tslint-react-4.0.0.tgz#b4bb4c01c32448cb14d23f143a2f5e4989bb961e"
  integrity sha512-9fNE0fm9zNDx1+b6hgy8rgDN2WsQLRiIrn3+fbqm0tazBVF6jiaCFAITxmU+WSFWYE03Xhp1joCircXOe1WVAQ==
  dependencies:
    tsutils "^3.9.1"

tsutils-etc@^1.1.0:
  version "1.1.0"
  resolved "https://registry.npmjs.org/tsutils-etc/-/tsutils-etc-1.1.0.tgz#82ce1c92da29e07d3cde95692d5c5e8dbdc92fd0"
  integrity sha512-pJlLtLmQPUyGHqY/Pq6EGnpGmQCnnTDZetQ7eWkeQ5xaw4GtfcR1Zt7HMKFHGDDp53HzQfbqQ+7ps6iJbfa9Hw==

tsutils@^3.0.0, tsutils@^3.9.1:
  version "3.9.1"
  resolved "https://registry.yarnpkg.com/tsutils/-/tsutils-3.9.1.tgz#2a40dc742943c71eca6d5c1994fcf999956be387"
  integrity sha512-hrxVtLtPqQr//p8/msPT1X1UYXUjizqSit5d9AQ5k38TcV38NyecL5xODNxa73cLe/5sdiJ+w1FqzDhRBA/anA==
  dependencies:
    tslib "^1.8.1"

xregexp@^4.2.4:
  version "4.2.4"
  resolved "https://registry.npmjs.org/xregexp/-/xregexp-4.2.4.tgz#02a4aea056d65a42632c02f0233eab8e4d7e57ed"
  integrity sha512-sO0bYdYeJAJBcJA8g7MJJX7UrOZIfJPd8U2SC7B2Dd/J24U0aQNoGp33shCaBSWeb0rD5rh6VBUIXOkGal1TZA==
  dependencies:
    "@babel/runtime-corejs2" "^7.2.0"
